
Microsoft Visual Studio Solution File, Format Version 12.00
# Visual Studio 15
VisualStudioVersion = 15.0.26124.0
MinimumVisualStudioVersion = 15.0.26124.0
Project("{2150E333-8FDC-42A3-9474-1A3956D46DE8}") = "IML.EventListener", "IML.EventListener", "{85E34558-D122-4D06-9D8B-73C5421AD6F3}"
EndProject
Project("{F2A71F9B-5D33-465A-A702-920D77279786}") = "IML.EventListenerTest", "IML.EventListener\test\IML.EventListenerTest.fsproj", "{96445666-A915-42E8-B4B1-E6F23165C823}"
EndProject
Project("{F2A71F9B-5D33-465A-A702-920D77279786}") = "IML.EventListener", "IML.EventListener\src\IML.EventListener.fsproj", "{F54E58AB-7797-4C12-BE0E-C03E568B311E}"
EndProject
Project("{2150E333-8FDC-42A3-9474-1A3956D46DE8}") = "IML.DeviceScannerDaemon", "IML.DeviceScannerDaemon", "{B05488FE-B6D9-492D-9A63-83A61EEA6C64}"
EndProject
Project("{F2A71F9B-5D33-465A-A702-920D77279786}") = "IML.DeviceScannerDaemon", "IML.DeviceScannerDaemon\src\IML.DeviceScannerDaemon.fsproj", "{1B473DA6-9A50-432B-A580-1A809A0D5B93}"
EndProject
Project("{F2A71F9B-5D33-465A-A702-920D77279786}") = "IML.DeviceScannerDaemonTest", "IML.DeviceScannerDaemon\test\IML.DeviceScannerDaemonTest.fsproj", "{61226413-66AE-4577-BC19-93D943D92B5B}"
EndProject
Global
	GlobalSection(SolutionConfigurationPlatforms) = preSolution
		Debug|Any CPU = Debug|Any CPU
		Debug|x64 = Debug|x64
		Debug|x86 = Debug|x86
		Release|Any CPU = Release|Any CPU
		Release|x64 = Release|x64
		Release|x86 = Release|x86
	EndGlobalSection
	GlobalSection(SolutionProperties) = preSolution
		HideSolutionNode = FALSE
	EndGlobalSection
	GlobalSection(ProjectConfigurationPlatforms) = postSolution
		{96445666-A915-42E8-B4B1-E6F23165C823}.Debug|Any CPU.ActiveCfg = Debug|Any CPU
		{96445666-A915-42E8-B4B1-E6F23165C823}.Debug|Any CPU.Build.0 = Debug|Any CPU
		{96445666-A915-42E8-B4B1-E6F23165C823}.Debug|x64.ActiveCfg = Debug|x64
		{96445666-A915-42E8-B4B1-E6F23165C823}.Debug|x64.Build.0 = Debug|x64
		{96445666-A915-42E8-B4B1-E6F23165C823}.Debug|x86.ActiveCfg = Debug|x86
		{96445666-A915-42E8-B4B1-E6F23165C823}.Debug|x86.Build.0 = Debug|x86
		{96445666-A915-42E8-B4B1-E6F23165C823}.Release|Any CPU.ActiveCfg = Release|Any CPU
		{96445666-A915-42E8-B4B1-E6F23165C823}.Release|Any CPU.Build.0 = Release|Any CPU
		{96445666-A915-42E8-B4B1-E6F23165C823}.Release|x64.ActiveCfg = Release|x64
		{96445666-A915-42E8-B4B1-E6F23165C823}.Release|x64.Build.0 = Release|x64
		{96445666-A915-42E8-B4B1-E6F23165C823}.Release|x86.ActiveCfg = Release|x86
		{96445666-A915-42E8-B4B1-E6F23165C823}.Release|x86.Build.0 = Release|x86
		{F54E58AB-7797-4C12-BE0E-C03E568B311E}.Debug|Any CPU.ActiveCfg = Debug|Any CPU
		{F54E58AB-7797-4C12-BE0E-C03E568B311E}.Debug|Any CPU.Build.0 = Debug|Any CPU
		{F54E58AB-7797-4C12-BE0E-C03E568B311E}.Debug|x64.ActiveCfg = Debug|x64
		{F54E58AB-7797-4C12-BE0E-C03E568B311E}.Debug|x64.Build.0 = Debug|x64
		{F54E58AB-7797-4C12-BE0E-C03E568B311E}.Debug|x86.ActiveCfg = Debug|x86
		{F54E58AB-7797-4C12-BE0E-C03E568B311E}.Debug|x86.Build.0 = Debug|x86
		{F54E58AB-7797-4C12-BE0E-C03E568B311E}.Release|Any CPU.ActiveCfg = Release|Any CPU
		{F54E58AB-7797-4C12-BE0E-C03E568B311E}.Release|Any CPU.Build.0 = Release|Any CPU
		{F54E58AB-7797-4C12-BE0E-C03E568B311E}.Release|x64.ActiveCfg = Release|x64
		{F54E58AB-7797-4C12-BE0E-C03E568B311E}.Release|x64.Build.0 = Release|x64
		{F54E58AB-7797-4C12-BE0E-C03E568B311E}.Release|x86.ActiveCfg = Release|x86
		{F54E58AB-7797-4C12-BE0E-C03E568B311E}.Release|x86.Build.0 = Release|x86
		{1B473DA6-9A50-432B-A580-1A809A0D5B93}.Debug|Any CPU.ActiveCfg = Debug|Any CPU
		{1B473DA6-9A50-432B-A580-1A809A0D5B93}.Debug|Any CPU.Build.0 = Debug|Any CPU
		{1B473DA6-9A50-432B-A580-1A809A0D5B93}.Debug|x64.ActiveCfg = Debug|x64
		{1B473DA6-9A50-432B-A580-1A809A0D5B93}.Debug|x64.Build.0 = Debug|x64
		{1B473DA6-9A50-432B-A580-1A809A0D5B93}.Debug|x86.ActiveCfg = Debug|x86
		{1B473DA6-9A50-432B-A580-1A809A0D5B93}.Debug|x86.Build.0 = Debug|x86
		{1B473DA6-9A50-432B-A580-1A809A0D5B93}.Release|Any CPU.ActiveCfg = Release|Any CPU
		{1B473DA6-9A50-432B-A580-1A809A0D5B93}.Release|Any CPU.Build.0 = Release|Any CPU
		{1B473DA6-9A50-432B-A580-1A809A0D5B93}.Release|x64.ActiveCfg = Release|x64
		{1B473DA6-9A50-432B-A580-1A809A0D5B93}.Release|x64.Build.0 = Release|x64
		{1B473DA6-9A50-432B-A580-1A809A0D5B93}.Release|x86.ActiveCfg = Release|x86
		{1B473DA6-9A50-432B-A580-1A809A0D5B93}.Release|x86.Build.0 = Release|x86
		{61226413-66AE-4577-BC19-93D943D92B5B}.Debug|Any CPU.ActiveCfg = Debug|Any CPU
		{61226413-66AE-4577-BC19-93D943D92B5B}.Debug|Any CPU.Build.0 = Debug|Any CPU
		{61226413-66AE-4577-BC19-93D943D92B5B}.Debug|x64.ActiveCfg = Debug|x64
		{61226413-66AE-4577-BC19-93D943D92B5B}.Debug|x64.Build.0 = Debug|x64
		{61226413-66AE-4577-BC19-93D943D92B5B}.Debug|x86.ActiveCfg = Debug|x86
		{61226413-66AE-4577-BC19-93D943D92B5B}.Debug|x86.Build.0 = Debug|x86
		{61226413-66AE-4577-BC19-93D943D92B5B}.Release|Any CPU.ActiveCfg = Release|Any CPU
		{61226413-66AE-4577-BC19-93D943D92B5B}.Release|Any CPU.Build.0 = Release|Any CPU
		{61226413-66AE-4577-BC19-93D943D92B5B}.Release|x64.ActiveCfg = Release|x64
		{61226413-66AE-4577-BC19-93D943D92B5B}.Release|x64.Build.0 = Release|x64
		{61226413-66AE-4577-BC19-93D943D92B5B}.Release|x86.ActiveCfg = Release|x86
		{61226413-66AE-4577-BC19-93D943D92B5B}.Release|x86.Build.0 = Release|x86
	EndGlobalSection
	GlobalSection(NestedProjects) = preSolution
		{96445666-A915-42E8-B4B1-E6F23165C823} = {85E34558-D122-4D06-9D8B-73C5421AD6F3}
		{F54E58AB-7797-4C12-BE0E-C03E568B311E} = {85E34558-D122-4D06-9D8B-73C5421AD6F3}
		{1B473DA6-9A50-432B-A580-1A809A0D5B93} = {B05488FE-B6D9-492D-9A63-83A61EEA6C64}
		{61226413-66AE-4577-BC19-93D943D92B5B} = {B05488FE-B6D9-492D-9A63-83A61EEA6C64}
	EndGlobalSection
EndGlobal
