
Microsoft Visual Studio Solution File, Format Version 12.00
# Visual Studio 15
VisualStudioVersion = 15.0.26124.0
MinimumVisualStudioVersion = 15.0.26124.0
Project("{2150E333-8FDC-42A3-9474-1A3956D46DE8}") = "IML.DeviceScannerDaemon", "IML.DeviceScannerDaemon", "{B05488FE-B6D9-492D-9A63-83A61EEA6C64}"
EndProject
Project("{F2A71F9B-5D33-465A-A702-920D77279786}") = "IML.DeviceScannerDaemon", "IML.DeviceScannerDaemon\src\IML.DeviceScannerDaemon.fsproj", "{1B473DA6-9A50-432B-A580-1A809A0D5B93}"
EndProject
Project("{F2A71F9B-5D33-465A-A702-920D77279786}") = "IML.DeviceScannerDaemonTest", "IML.DeviceScannerDaemon\test\IML.DeviceScannerDaemonTest.fsproj", "{61226413-66AE-4577-BC19-93D943D92B5B}"
EndProject
Project("{2150E333-8FDC-42A3-9474-1A3956D46DE8}") = "IML.Listeners", "IML.Listeners", "{666991E9-4C59-493D-AB44-18CFD5857A4C}"
EndProject
Project("{F2A71F9B-5D33-465A-A702-920D77279786}") = "PoolImportZedlet", "IML.Listeners\PoolImportZedlet\PoolImportZedlet.fsproj", "{50B51253-5EE6-4789-AECA-971CC78A6B57}"
EndProject
Project("{F2A71F9B-5D33-465A-A702-920D77279786}") = "PoolExportZedlet", "IML.Listeners\PoolExportZedlet\PoolExportZedlet.fsproj", "{56241BB4-02CE-481E-89D7-8CB97B853AF9}"
EndProject
Project("{F2A71F9B-5D33-465A-A702-920D77279786}") = "PoolDestroyZedlet", "IML.Listeners\PoolDestroyZedlet\PoolDestroyZedlet.fsproj", "{90FF141E-0704-40F5-8062-AF7AA11590C9}"
EndProject
Project("{F2A71F9B-5D33-465A-A702-920D77279786}") = "PoolCreateZedlet", "IML.Listeners\PoolCreateZedlet\PoolCreateZedlet.fsproj", "{698E6797-A2A5-42CB-8545-DE817730959E}"
EndProject
Project("{F2A71F9B-5D33-465A-A702-920D77279786}") = "HistoryEventZedlet", "IML.Listeners\HistoryEventZedlet\HistoryEventZedlet.fsproj", "{2279F9D2-2C2B-494E-AAE2-724AD526D24B}"
EndProject
Project("{F2A71F9B-5D33-465A-A702-920D77279786}") = "VdevAddZedlet", "IML.Listeners\VdevAddZedlet\VdevAddZedlet.fsproj", "{A47F345F-D0F0-490B-91CA-32791A17F18D}"
EndProject
Project("{F2A71F9B-5D33-465A-A702-920D77279786}") = "UdevListener", "IML.Listeners\UdevListener\UdevListener.fsproj", "{2E243F47-7F39-4CC9-9277-DF95CF33B2E8}"
EndProject
Project("{2150E333-8FDC-42A3-9474-1A3956D46DE8}") = "IML.StatefulPromise", "IML.StatefulPromise", "{55DF27E7-D89C-43EE-BCF4-7B4427D8525B}"
EndProject
Project("{F2A71F9B-5D33-465A-A702-920D77279786}") = "IML.StatefulPromise", "IML.StatefulPromise\source\IML.StatefulPromise.fsproj", "{BB7C2824-C043-4F00-A535-31E30386FE04}"
EndProject
Project("{F2A71F9B-5D33-465A-A702-920D77279786}") = "IML.StatefulPromiseTest", "IML.StatefulPromise\test\IML.StatefulPromiseTest.fsproj", "{D581DE83-517F-4060-BBF3-24E24DFAD8ED}"
EndProject
Project("{2150E333-8FDC-42A3-9474-1A3956D46DE8}") = "IML.IntegrationTestFramework", "IML.IntegrationTestFramework", "{ACC6E60D-A17F-4A43-AA65-6E1A948DE669}"
EndProject
Project("{F2A71F9B-5D33-465A-A702-920D77279786}") = "IML.IntegrationTestFramework", "IML.IntegrationTestFramework\source\IML.IntegrationTestFramework.fsproj", "{924B1FF5-9F7A-416F-9058-A4137ACBD8EF}"
EndProject
Project("{F2A71F9B-5D33-465A-A702-920D77279786}") = "IML.IntegrationTestFrameworkTest", "IML.IntegrationTestFramework\test\IML.IntegrationTestFrameworkTest.fsproj", "{3BDFEAB9-B565-4FB3-A0D3-E236647CE551}"
EndProject
Project("{F2A71F9B-5D33-465A-A702-920D77279786}") = "IML.IntegrationTest", "IML.IntegrationTest\IML.IntegrationTest.fsproj", "{704EEA72-9AB8-4D5D-9B6C-D88718F41E3E}"
EndProject
Project("{2150E333-8FDC-42A3-9474-1A3956D46DE8}") = "IML.ScannerProxyDaemon", "IML.ScannerProxyDaemon", "{71431CDC-DF73-4772-959B-6807D457C008}"
EndProject
Project("{F2A71F9B-5D33-465A-A702-920D77279786}") = "IML.ScannerProxyDaemon", "IML.ScannerProxyDaemon\src\IML.ScannerProxyDaemon.fsproj", "{476364D8-8D70-4FB6-AAC4-86149AB04292}"
EndProject
Project("{F2A71F9B-5D33-465A-A702-920D77279786}") = "IML.ScannerProxyDaemonTest", "IML.ScannerProxyDaemon\test\IML.ScannerProxyDaemonTest.fsproj", "{CAAA7826-7D9E-4B38-A5F0-7F9A0F0D445E}"
EndProject
Project("{2150E333-8FDC-42A3-9474-1A3956D46DE8}") = "IML.Types", "IML.Types", "{16C23BE2-7431-4110-9BDE-985DEAB31816}"
EndProject
Project("{F2A71F9B-5D33-465A-A702-920D77279786}") = "IML.Types", "IML.Types\src\IML.Types.fsproj", "{A379DB77-0ECC-4A5F-92C0-E9C14C106607}"
EndProject
Project("{F2A71F9B-5D33-465A-A702-920D77279786}") = "IML.TypesTest", "IML.Types\test\IML.TypesTest.fsproj", "{66091A93-322C-49F6-981D-7A3274C67208}"
EndProject
Global
	GlobalSection(SolutionConfigurationPlatforms) = preSolution
		Debug|Any CPU = Debug|Any CPU
		Debug|x64 = Debug|x64
		Debug|x86 = Debug|x86
		Release|Any CPU = Release|Any CPU
		Release|x64 = Release|x64
		Release|x86 = Release|x86
	EndGlobalSection
	GlobalSection(SolutionProperties) = preSolution
		HideSolutionNode = FALSE
	EndGlobalSection
	GlobalSection(ProjectConfigurationPlatforms) = postSolution
		{1B473DA6-9A50-432B-A580-1A809A0D5B93}.Debug|Any CPU.ActiveCfg = Debug|Any CPU
		{1B473DA6-9A50-432B-A580-1A809A0D5B93}.Debug|Any CPU.Build.0 = Debug|Any CPU
		{1B473DA6-9A50-432B-A580-1A809A0D5B93}.Debug|x64.ActiveCfg = Debug|x64
		{1B473DA6-9A50-432B-A580-1A809A0D5B93}.Debug|x64.Build.0 = Debug|x64
		{1B473DA6-9A50-432B-A580-1A809A0D5B93}.Debug|x86.ActiveCfg = Debug|x86
		{1B473DA6-9A50-432B-A580-1A809A0D5B93}.Debug|x86.Build.0 = Debug|x86
		{1B473DA6-9A50-432B-A580-1A809A0D5B93}.Release|Any CPU.ActiveCfg = Release|Any CPU
		{1B473DA6-9A50-432B-A580-1A809A0D5B93}.Release|Any CPU.Build.0 = Release|Any CPU
		{1B473DA6-9A50-432B-A580-1A809A0D5B93}.Release|x64.ActiveCfg = Release|x64
		{1B473DA6-9A50-432B-A580-1A809A0D5B93}.Release|x64.Build.0 = Release|x64
		{1B473DA6-9A50-432B-A580-1A809A0D5B93}.Release|x86.ActiveCfg = Release|x86
		{1B473DA6-9A50-432B-A580-1A809A0D5B93}.Release|x86.Build.0 = Release|x86
		{61226413-66AE-4577-BC19-93D943D92B5B}.Debug|Any CPU.ActiveCfg = Debug|Any CPU
		{61226413-66AE-4577-BC19-93D943D92B5B}.Debug|Any CPU.Build.0 = Debug|Any CPU
		{61226413-66AE-4577-BC19-93D943D92B5B}.Debug|x64.ActiveCfg = Debug|x64
		{61226413-66AE-4577-BC19-93D943D92B5B}.Debug|x64.Build.0 = Debug|x64
		{61226413-66AE-4577-BC19-93D943D92B5B}.Debug|x86.ActiveCfg = Debug|x86
		{61226413-66AE-4577-BC19-93D943D92B5B}.Debug|x86.Build.0 = Debug|x86
		{61226413-66AE-4577-BC19-93D943D92B5B}.Release|Any CPU.ActiveCfg = Release|Any CPU
		{61226413-66AE-4577-BC19-93D943D92B5B}.Release|Any CPU.Build.0 = Release|Any CPU
		{61226413-66AE-4577-BC19-93D943D92B5B}.Release|x64.ActiveCfg = Release|x64
		{61226413-66AE-4577-BC19-93D943D92B5B}.Release|x64.Build.0 = Release|x64
		{61226413-66AE-4577-BC19-93D943D92B5B}.Release|x86.ActiveCfg = Release|x86
		{61226413-66AE-4577-BC19-93D943D92B5B}.Release|x86.Build.0 = Release|x86
		{50B51253-5EE6-4789-AECA-971CC78A6B57}.Debug|Any CPU.ActiveCfg = Debug|Any CPU
		{50B51253-5EE6-4789-AECA-971CC78A6B57}.Debug|Any CPU.Build.0 = Debug|Any CPU
		{50B51253-5EE6-4789-AECA-971CC78A6B57}.Debug|x64.ActiveCfg = Debug|x64
		{50B51253-5EE6-4789-AECA-971CC78A6B57}.Debug|x64.Build.0 = Debug|x64
		{50B51253-5EE6-4789-AECA-971CC78A6B57}.Debug|x86.ActiveCfg = Debug|x86
		{50B51253-5EE6-4789-AECA-971CC78A6B57}.Debug|x86.Build.0 = Debug|x86
		{50B51253-5EE6-4789-AECA-971CC78A6B57}.Release|Any CPU.ActiveCfg = Release|Any CPU
		{50B51253-5EE6-4789-AECA-971CC78A6B57}.Release|Any CPU.Build.0 = Release|Any CPU
		{50B51253-5EE6-4789-AECA-971CC78A6B57}.Release|x64.ActiveCfg = Release|x64
		{50B51253-5EE6-4789-AECA-971CC78A6B57}.Release|x64.Build.0 = Release|x64
		{50B51253-5EE6-4789-AECA-971CC78A6B57}.Release|x86.ActiveCfg = Release|x86
		{50B51253-5EE6-4789-AECA-971CC78A6B57}.Release|x86.Build.0 = Release|x86
		{56241BB4-02CE-481E-89D7-8CB97B853AF9}.Debug|Any CPU.ActiveCfg = Debug|Any CPU
		{56241BB4-02CE-481E-89D7-8CB97B853AF9}.Debug|Any CPU.Build.0 = Debug|Any CPU
		{56241BB4-02CE-481E-89D7-8CB97B853AF9}.Debug|x64.ActiveCfg = Debug|x64
		{56241BB4-02CE-481E-89D7-8CB97B853AF9}.Debug|x64.Build.0 = Debug|x64
		{56241BB4-02CE-481E-89D7-8CB97B853AF9}.Debug|x86.ActiveCfg = Debug|x86
		{56241BB4-02CE-481E-89D7-8CB97B853AF9}.Debug|x86.Build.0 = Debug|x86
		{56241BB4-02CE-481E-89D7-8CB97B853AF9}.Release|Any CPU.ActiveCfg = Release|Any CPU
		{56241BB4-02CE-481E-89D7-8CB97B853AF9}.Release|Any CPU.Build.0 = Release|Any CPU
		{56241BB4-02CE-481E-89D7-8CB97B853AF9}.Release|x64.ActiveCfg = Release|x64
		{56241BB4-02CE-481E-89D7-8CB97B853AF9}.Release|x64.Build.0 = Release|x64
		{56241BB4-02CE-481E-89D7-8CB97B853AF9}.Release|x86.ActiveCfg = Release|x86
		{56241BB4-02CE-481E-89D7-8CB97B853AF9}.Release|x86.Build.0 = Release|x86
		{90FF141E-0704-40F5-8062-AF7AA11590C9}.Debug|Any CPU.ActiveCfg = Debug|Any CPU
		{90FF141E-0704-40F5-8062-AF7AA11590C9}.Debug|Any CPU.Build.0 = Debug|Any CPU
		{90FF141E-0704-40F5-8062-AF7AA11590C9}.Debug|x64.ActiveCfg = Debug|x64
		{90FF141E-0704-40F5-8062-AF7AA11590C9}.Debug|x64.Build.0 = Debug|x64
		{90FF141E-0704-40F5-8062-AF7AA11590C9}.Debug|x86.ActiveCfg = Debug|x86
		{90FF141E-0704-40F5-8062-AF7AA11590C9}.Debug|x86.Build.0 = Debug|x86
		{90FF141E-0704-40F5-8062-AF7AA11590C9}.Release|Any CPU.ActiveCfg = Release|Any CPU
		{90FF141E-0704-40F5-8062-AF7AA11590C9}.Release|Any CPU.Build.0 = Release|Any CPU
		{90FF141E-0704-40F5-8062-AF7AA11590C9}.Release|x64.ActiveCfg = Release|x64
		{90FF141E-0704-40F5-8062-AF7AA11590C9}.Release|x64.Build.0 = Release|x64
		{90FF141E-0704-40F5-8062-AF7AA11590C9}.Release|x86.ActiveCfg = Release|x86
		{90FF141E-0704-40F5-8062-AF7AA11590C9}.Release|x86.Build.0 = Release|x86
		{698E6797-A2A5-42CB-8545-DE817730959E}.Debug|Any CPU.ActiveCfg = Debug|Any CPU
		{698E6797-A2A5-42CB-8545-DE817730959E}.Debug|Any CPU.Build.0 = Debug|Any CPU
		{698E6797-A2A5-42CB-8545-DE817730959E}.Debug|x64.ActiveCfg = Debug|x64
		{698E6797-A2A5-42CB-8545-DE817730959E}.Debug|x64.Build.0 = Debug|x64
		{698E6797-A2A5-42CB-8545-DE817730959E}.Debug|x86.ActiveCfg = Debug|x86
		{698E6797-A2A5-42CB-8545-DE817730959E}.Debug|x86.Build.0 = Debug|x86
		{698E6797-A2A5-42CB-8545-DE817730959E}.Release|Any CPU.ActiveCfg = Release|Any CPU
		{698E6797-A2A5-42CB-8545-DE817730959E}.Release|Any CPU.Build.0 = Release|Any CPU
		{698E6797-A2A5-42CB-8545-DE817730959E}.Release|x64.ActiveCfg = Release|x64
		{698E6797-A2A5-42CB-8545-DE817730959E}.Release|x64.Build.0 = Release|x64
		{698E6797-A2A5-42CB-8545-DE817730959E}.Release|x86.ActiveCfg = Release|x86
		{698E6797-A2A5-42CB-8545-DE817730959E}.Release|x86.Build.0 = Release|x86
		{2279F9D2-2C2B-494E-AAE2-724AD526D24B}.Debug|Any CPU.ActiveCfg = Debug|Any CPU
		{2279F9D2-2C2B-494E-AAE2-724AD526D24B}.Debug|Any CPU.Build.0 = Debug|Any CPU
		{2279F9D2-2C2B-494E-AAE2-724AD526D24B}.Debug|x64.ActiveCfg = Debug|x64
		{2279F9D2-2C2B-494E-AAE2-724AD526D24B}.Debug|x64.Build.0 = Debug|x64
		{2279F9D2-2C2B-494E-AAE2-724AD526D24B}.Debug|x86.ActiveCfg = Debug|x86
		{2279F9D2-2C2B-494E-AAE2-724AD526D24B}.Debug|x86.Build.0 = Debug|x86
		{2279F9D2-2C2B-494E-AAE2-724AD526D24B}.Release|Any CPU.ActiveCfg = Release|Any CPU
		{2279F9D2-2C2B-494E-AAE2-724AD526D24B}.Release|Any CPU.Build.0 = Release|Any CPU
		{2279F9D2-2C2B-494E-AAE2-724AD526D24B}.Release|x64.ActiveCfg = Release|x64
		{2279F9D2-2C2B-494E-AAE2-724AD526D24B}.Release|x64.Build.0 = Release|x64
		{2279F9D2-2C2B-494E-AAE2-724AD526D24B}.Release|x86.ActiveCfg = Release|x86
		{2279F9D2-2C2B-494E-AAE2-724AD526D24B}.Release|x86.Build.0 = Release|x86
		{A47F345F-D0F0-490B-91CA-32791A17F18D}.Debug|Any CPU.ActiveCfg = Debug|Any CPU
		{A47F345F-D0F0-490B-91CA-32791A17F18D}.Debug|Any CPU.Build.0 = Debug|Any CPU
		{A47F345F-D0F0-490B-91CA-32791A17F18D}.Debug|x64.ActiveCfg = Debug|x64
		{A47F345F-D0F0-490B-91CA-32791A17F18D}.Debug|x64.Build.0 = Debug|x64
		{A47F345F-D0F0-490B-91CA-32791A17F18D}.Debug|x86.ActiveCfg = Debug|x86
		{A47F345F-D0F0-490B-91CA-32791A17F18D}.Debug|x86.Build.0 = Debug|x86
		{A47F345F-D0F0-490B-91CA-32791A17F18D}.Release|Any CPU.ActiveCfg = Release|Any CPU
		{A47F345F-D0F0-490B-91CA-32791A17F18D}.Release|Any CPU.Build.0 = Release|Any CPU
		{A47F345F-D0F0-490B-91CA-32791A17F18D}.Release|x64.ActiveCfg = Release|x64
		{A47F345F-D0F0-490B-91CA-32791A17F18D}.Release|x64.Build.0 = Release|x64
		{A47F345F-D0F0-490B-91CA-32791A17F18D}.Release|x86.ActiveCfg = Release|x86
		{A47F345F-D0F0-490B-91CA-32791A17F18D}.Release|x86.Build.0 = Release|x86
		{2E243F47-7F39-4CC9-9277-DF95CF33B2E8}.Debug|Any CPU.ActiveCfg = Debug|Any CPU
		{2E243F47-7F39-4CC9-9277-DF95CF33B2E8}.Debug|Any CPU.Build.0 = Debug|Any CPU
		{2E243F47-7F39-4CC9-9277-DF95CF33B2E8}.Debug|x64.ActiveCfg = Debug|x64
		{2E243F47-7F39-4CC9-9277-DF95CF33B2E8}.Debug|x64.Build.0 = Debug|x64
		{2E243F47-7F39-4CC9-9277-DF95CF33B2E8}.Debug|x86.ActiveCfg = Debug|x86
		{2E243F47-7F39-4CC9-9277-DF95CF33B2E8}.Debug|x86.Build.0 = Debug|x86
		{2E243F47-7F39-4CC9-9277-DF95CF33B2E8}.Release|Any CPU.ActiveCfg = Release|Any CPU
		{2E243F47-7F39-4CC9-9277-DF95CF33B2E8}.Release|Any CPU.Build.0 = Release|Any CPU
		{2E243F47-7F39-4CC9-9277-DF95CF33B2E8}.Release|x64.ActiveCfg = Release|x64
		{2E243F47-7F39-4CC9-9277-DF95CF33B2E8}.Release|x64.Build.0 = Release|x64
		{2E243F47-7F39-4CC9-9277-DF95CF33B2E8}.Release|x86.ActiveCfg = Release|x86
		{2E243F47-7F39-4CC9-9277-DF95CF33B2E8}.Release|x86.Build.0 = Release|x86
		{BB7C2824-C043-4F00-A535-31E30386FE04}.Debug|Any CPU.ActiveCfg = Debug|Any CPU
		{BB7C2824-C043-4F00-A535-31E30386FE04}.Debug|Any CPU.Build.0 = Debug|Any CPU
		{BB7C2824-C043-4F00-A535-31E30386FE04}.Debug|x64.ActiveCfg = Debug|x64
		{BB7C2824-C043-4F00-A535-31E30386FE04}.Debug|x64.Build.0 = Debug|x64
		{BB7C2824-C043-4F00-A535-31E30386FE04}.Debug|x86.ActiveCfg = Debug|x86
		{BB7C2824-C043-4F00-A535-31E30386FE04}.Debug|x86.Build.0 = Debug|x86
		{BB7C2824-C043-4F00-A535-31E30386FE04}.Release|Any CPU.ActiveCfg = Release|Any CPU
		{BB7C2824-C043-4F00-A535-31E30386FE04}.Release|Any CPU.Build.0 = Release|Any CPU
		{BB7C2824-C043-4F00-A535-31E30386FE04}.Release|x64.ActiveCfg = Release|x64
		{BB7C2824-C043-4F00-A535-31E30386FE04}.Release|x64.Build.0 = Release|x64
		{BB7C2824-C043-4F00-A535-31E30386FE04}.Release|x86.ActiveCfg = Release|x86
		{BB7C2824-C043-4F00-A535-31E30386FE04}.Release|x86.Build.0 = Release|x86
		{D581DE83-517F-4060-BBF3-24E24DFAD8ED}.Debug|Any CPU.ActiveCfg = Debug|Any CPU
		{D581DE83-517F-4060-BBF3-24E24DFAD8ED}.Debug|Any CPU.Build.0 = Debug|Any CPU
		{D581DE83-517F-4060-BBF3-24E24DFAD8ED}.Debug|x64.ActiveCfg = Debug|x64
		{D581DE83-517F-4060-BBF3-24E24DFAD8ED}.Debug|x64.Build.0 = Debug|x64
		{D581DE83-517F-4060-BBF3-24E24DFAD8ED}.Debug|x86.ActiveCfg = Debug|x86
		{D581DE83-517F-4060-BBF3-24E24DFAD8ED}.Debug|x86.Build.0 = Debug|x86
		{D581DE83-517F-4060-BBF3-24E24DFAD8ED}.Release|Any CPU.ActiveCfg = Release|Any CPU
		{D581DE83-517F-4060-BBF3-24E24DFAD8ED}.Release|Any CPU.Build.0 = Release|Any CPU
		{D581DE83-517F-4060-BBF3-24E24DFAD8ED}.Release|x64.ActiveCfg = Release|x64
		{D581DE83-517F-4060-BBF3-24E24DFAD8ED}.Release|x64.Build.0 = Release|x64
		{D581DE83-517F-4060-BBF3-24E24DFAD8ED}.Release|x86.ActiveCfg = Release|x86
		{D581DE83-517F-4060-BBF3-24E24DFAD8ED}.Release|x86.Build.0 = Release|x86
		{924B1FF5-9F7A-416F-9058-A4137ACBD8EF}.Debug|Any CPU.ActiveCfg = Debug|Any CPU
		{924B1FF5-9F7A-416F-9058-A4137ACBD8EF}.Debug|Any CPU.Build.0 = Debug|Any CPU
		{924B1FF5-9F7A-416F-9058-A4137ACBD8EF}.Debug|x64.ActiveCfg = Debug|x64
		{924B1FF5-9F7A-416F-9058-A4137ACBD8EF}.Debug|x64.Build.0 = Debug|x64
		{924B1FF5-9F7A-416F-9058-A4137ACBD8EF}.Debug|x86.ActiveCfg = Debug|x86
		{924B1FF5-9F7A-416F-9058-A4137ACBD8EF}.Debug|x86.Build.0 = Debug|x86
		{924B1FF5-9F7A-416F-9058-A4137ACBD8EF}.Release|Any CPU.ActiveCfg = Release|Any CPU
		{924B1FF5-9F7A-416F-9058-A4137ACBD8EF}.Release|Any CPU.Build.0 = Release|Any CPU
		{924B1FF5-9F7A-416F-9058-A4137ACBD8EF}.Release|x64.ActiveCfg = Release|x64
		{924B1FF5-9F7A-416F-9058-A4137ACBD8EF}.Release|x64.Build.0 = Release|x64
		{924B1FF5-9F7A-416F-9058-A4137ACBD8EF}.Release|x86.ActiveCfg = Release|x86
		{924B1FF5-9F7A-416F-9058-A4137ACBD8EF}.Release|x86.Build.0 = Release|x86
		{3BDFEAB9-B565-4FB3-A0D3-E236647CE551}.Debug|Any CPU.ActiveCfg = Debug|Any CPU
		{3BDFEAB9-B565-4FB3-A0D3-E236647CE551}.Debug|Any CPU.Build.0 = Debug|Any CPU
		{3BDFEAB9-B565-4FB3-A0D3-E236647CE551}.Debug|x64.ActiveCfg = Debug|x64
		{3BDFEAB9-B565-4FB3-A0D3-E236647CE551}.Debug|x64.Build.0 = Debug|x64
		{3BDFEAB9-B565-4FB3-A0D3-E236647CE551}.Debug|x86.ActiveCfg = Debug|x86
		{3BDFEAB9-B565-4FB3-A0D3-E236647CE551}.Debug|x86.Build.0 = Debug|x86
		{3BDFEAB9-B565-4FB3-A0D3-E236647CE551}.Release|Any CPU.ActiveCfg = Release|Any CPU
		{3BDFEAB9-B565-4FB3-A0D3-E236647CE551}.Release|Any CPU.Build.0 = Release|Any CPU
		{3BDFEAB9-B565-4FB3-A0D3-E236647CE551}.Release|x64.ActiveCfg = Release|x64
		{3BDFEAB9-B565-4FB3-A0D3-E236647CE551}.Release|x64.Build.0 = Release|x64
		{3BDFEAB9-B565-4FB3-A0D3-E236647CE551}.Release|x86.ActiveCfg = Release|x86
		{3BDFEAB9-B565-4FB3-A0D3-E236647CE551}.Release|x86.Build.0 = Release|x86
		{704EEA72-9AB8-4D5D-9B6C-D88718F41E3E}.Debug|Any CPU.ActiveCfg = Debug|Any CPU
		{704EEA72-9AB8-4D5D-9B6C-D88718F41E3E}.Debug|Any CPU.Build.0 = Debug|Any CPU
		{704EEA72-9AB8-4D5D-9B6C-D88718F41E3E}.Debug|x64.ActiveCfg = Debug|x64
		{704EEA72-9AB8-4D5D-9B6C-D88718F41E3E}.Debug|x64.Build.0 = Debug|x64
		{704EEA72-9AB8-4D5D-9B6C-D88718F41E3E}.Debug|x86.ActiveCfg = Debug|x86
		{704EEA72-9AB8-4D5D-9B6C-D88718F41E3E}.Debug|x86.Build.0 = Debug|x86
		{704EEA72-9AB8-4D5D-9B6C-D88718F41E3E}.Release|Any CPU.ActiveCfg = Release|Any CPU
		{704EEA72-9AB8-4D5D-9B6C-D88718F41E3E}.Release|Any CPU.Build.0 = Release|Any CPU
		{704EEA72-9AB8-4D5D-9B6C-D88718F41E3E}.Release|x64.ActiveCfg = Release|x64
		{704EEA72-9AB8-4D5D-9B6C-D88718F41E3E}.Release|x64.Build.0 = Release|x64
		{704EEA72-9AB8-4D5D-9B6C-D88718F41E3E}.Release|x86.ActiveCfg = Release|x86
		{704EEA72-9AB8-4D5D-9B6C-D88718F41E3E}.Release|x86.Build.0 = Release|x86
		{476364D8-8D70-4FB6-AAC4-86149AB04292}.Debug|Any CPU.ActiveCfg = Debug|Any CPU
		{476364D8-8D70-4FB6-AAC4-86149AB04292}.Debug|Any CPU.Build.0 = Debug|Any CPU
		{476364D8-8D70-4FB6-AAC4-86149AB04292}.Debug|x64.ActiveCfg = Debug|x64
		{476364D8-8D70-4FB6-AAC4-86149AB04292}.Debug|x64.Build.0 = Debug|x64
		{476364D8-8D70-4FB6-AAC4-86149AB04292}.Debug|x86.ActiveCfg = Debug|x86
		{476364D8-8D70-4FB6-AAC4-86149AB04292}.Debug|x86.Build.0 = Debug|x86
		{476364D8-8D70-4FB6-AAC4-86149AB04292}.Release|Any CPU.ActiveCfg = Release|Any CPU
		{476364D8-8D70-4FB6-AAC4-86149AB04292}.Release|Any CPU.Build.0 = Release|Any CPU
		{476364D8-8D70-4FB6-AAC4-86149AB04292}.Release|x64.ActiveCfg = Release|x64
		{476364D8-8D70-4FB6-AAC4-86149AB04292}.Release|x64.Build.0 = Release|x64
		{476364D8-8D70-4FB6-AAC4-86149AB04292}.Release|x86.ActiveCfg = Release|x86
		{476364D8-8D70-4FB6-AAC4-86149AB04292}.Release|x86.Build.0 = Release|x86
		{CAAA7826-7D9E-4B38-A5F0-7F9A0F0D445E}.Debug|Any CPU.ActiveCfg = Debug|Any CPU
		{CAAA7826-7D9E-4B38-A5F0-7F9A0F0D445E}.Debug|Any CPU.Build.0 = Debug|Any CPU
		{CAAA7826-7D9E-4B38-A5F0-7F9A0F0D445E}.Debug|x64.ActiveCfg = Debug|x64
		{CAAA7826-7D9E-4B38-A5F0-7F9A0F0D445E}.Debug|x64.Build.0 = Debug|x64
		{CAAA7826-7D9E-4B38-A5F0-7F9A0F0D445E}.Debug|x86.ActiveCfg = Debug|x86
		{CAAA7826-7D9E-4B38-A5F0-7F9A0F0D445E}.Debug|x86.Build.0 = Debug|x86
		{CAAA7826-7D9E-4B38-A5F0-7F9A0F0D445E}.Release|Any CPU.ActiveCfg = Release|Any CPU
		{CAAA7826-7D9E-4B38-A5F0-7F9A0F0D445E}.Release|Any CPU.Build.0 = Release|Any CPU
		{CAAA7826-7D9E-4B38-A5F0-7F9A0F0D445E}.Release|x64.ActiveCfg = Release|x64
		{CAAA7826-7D9E-4B38-A5F0-7F9A0F0D445E}.Release|x64.Build.0 = Release|x64
		{CAAA7826-7D9E-4B38-A5F0-7F9A0F0D445E}.Release|x86.ActiveCfg = Release|x86
		{CAAA7826-7D9E-4B38-A5F0-7F9A0F0D445E}.Release|x86.Build.0 = Release|x86
		{A379DB77-0ECC-4A5F-92C0-E9C14C106607}.Debug|Any CPU.ActiveCfg = Debug|Any CPU
		{A379DB77-0ECC-4A5F-92C0-E9C14C106607}.Debug|Any CPU.Build.0 = Debug|Any CPU
		{A379DB77-0ECC-4A5F-92C0-E9C14C106607}.Debug|x64.ActiveCfg = Debug|x64
		{A379DB77-0ECC-4A5F-92C0-E9C14C106607}.Debug|x64.Build.0 = Debug|x64
		{A379DB77-0ECC-4A5F-92C0-E9C14C106607}.Debug|x86.ActiveCfg = Debug|x86
		{A379DB77-0ECC-4A5F-92C0-E9C14C106607}.Debug|x86.Build.0 = Debug|x86
		{A379DB77-0ECC-4A5F-92C0-E9C14C106607}.Release|Any CPU.ActiveCfg = Release|Any CPU
		{A379DB77-0ECC-4A5F-92C0-E9C14C106607}.Release|Any CPU.Build.0 = Release|Any CPU
		{A379DB77-0ECC-4A5F-92C0-E9C14C106607}.Release|x64.ActiveCfg = Release|x64
		{A379DB77-0ECC-4A5F-92C0-E9C14C106607}.Release|x64.Build.0 = Release|x64
		{A379DB77-0ECC-4A5F-92C0-E9C14C106607}.Release|x86.ActiveCfg = Release|x86
		{A379DB77-0ECC-4A5F-92C0-E9C14C106607}.Release|x86.Build.0 = Release|x86
		{66091A93-322C-49F6-981D-7A3274C67208}.Debug|Any CPU.ActiveCfg = Debug|Any CPU
		{66091A93-322C-49F6-981D-7A3274C67208}.Debug|Any CPU.Build.0 = Debug|Any CPU
		{66091A93-322C-49F6-981D-7A3274C67208}.Debug|x64.ActiveCfg = Debug|x64
		{66091A93-322C-49F6-981D-7A3274C67208}.Debug|x64.Build.0 = Debug|x64
		{66091A93-322C-49F6-981D-7A3274C67208}.Debug|x86.ActiveCfg = Debug|x86
		{66091A93-322C-49F6-981D-7A3274C67208}.Debug|x86.Build.0 = Debug|x86
		{66091A93-322C-49F6-981D-7A3274C67208}.Release|Any CPU.ActiveCfg = Release|Any CPU
		{66091A93-322C-49F6-981D-7A3274C67208}.Release|Any CPU.Build.0 = Release|Any CPU
		{66091A93-322C-49F6-981D-7A3274C67208}.Release|x64.ActiveCfg = Release|x64
		{66091A93-322C-49F6-981D-7A3274C67208}.Release|x64.Build.0 = Release|x64
		{66091A93-322C-49F6-981D-7A3274C67208}.Release|x86.ActiveCfg = Release|x86
		{66091A93-322C-49F6-981D-7A3274C67208}.Release|x86.Build.0 = Release|x86
	EndGlobalSection
	GlobalSection(NestedProjects) = preSolution
		{1B473DA6-9A50-432B-A580-1A809A0D5B93} = {B05488FE-B6D9-492D-9A63-83A61EEA6C64}
		{61226413-66AE-4577-BC19-93D943D92B5B} = {B05488FE-B6D9-492D-9A63-83A61EEA6C64}
		{50B51253-5EE6-4789-AECA-971CC78A6B57} = {666991E9-4C59-493D-AB44-18CFD5857A4C}
		{56241BB4-02CE-481E-89D7-8CB97B853AF9} = {666991E9-4C59-493D-AB44-18CFD5857A4C}
		{90FF141E-0704-40F5-8062-AF7AA11590C9} = {666991E9-4C59-493D-AB44-18CFD5857A4C}
		{698E6797-A2A5-42CB-8545-DE817730959E} = {666991E9-4C59-493D-AB44-18CFD5857A4C}
		{2279F9D2-2C2B-494E-AAE2-724AD526D24B} = {666991E9-4C59-493D-AB44-18CFD5857A4C}
		{A47F345F-D0F0-490B-91CA-32791A17F18D} = {666991E9-4C59-493D-AB44-18CFD5857A4C}
		{2E243F47-7F39-4CC9-9277-DF95CF33B2E8} = {666991E9-4C59-493D-AB44-18CFD5857A4C}
		{BB7C2824-C043-4F00-A535-31E30386FE04} = {55DF27E7-D89C-43EE-BCF4-7B4427D8525B}
		{D581DE83-517F-4060-BBF3-24E24DFAD8ED} = {55DF27E7-D89C-43EE-BCF4-7B4427D8525B}
		{924B1FF5-9F7A-416F-9058-A4137ACBD8EF} = {ACC6E60D-A17F-4A43-AA65-6E1A948DE669}
		{3BDFEAB9-B565-4FB3-A0D3-E236647CE551} = {ACC6E60D-A17F-4A43-AA65-6E1A948DE669}
		{476364D8-8D70-4FB6-AAC4-86149AB04292} = {71431CDC-DF73-4772-959B-6807D457C008}
		{CAAA7826-7D9E-4B38-A5F0-7F9A0F0D445E} = {71431CDC-DF73-4772-959B-6807D457C008}
		{A379DB77-0ECC-4A5F-92C0-E9C14C106607} = {16C23BE2-7431-4110-9BDE-985DEAB31816}
		{66091A93-322C-49F6-981D-7A3274C67208} = {16C23BE2-7431-4110-9BDE-985DEAB31816}
	EndGlobalSection
EndGlobal
